
Microsoft Visual Studio Solution File, Format Version 12.00
# Visual Studio Version 16
VisualStudioVersion = 16.0.31424.327
MinimumVisualStudioVersion = 10.0.40219.1
Project("{FAE04EC0-301F-11D3-BF4B-00C04F79EFBC}") = "InlandMarina.Data", "InlandMarina.Data\InlandMarina.Data.csproj", "{446AEA84-5379-4336-8B59-9092EBBE4C04}"
EndProject
Project("{FAE04EC0-301F-11D3-BF4B-00C04F79EFBC}") = "InlandMarinaGUI", "InlandMarinaGUI\InlandMarinaGUI.csproj", "{C378D7FB-E758-474A-AEC1-5D3FA8D0087C}"
EndProject
Global
	GlobalSection(SolutionConfigurationPlatforms) = preSolution
		Debug|Any CPU = Debug|Any CPU
		Release|Any CPU = Release|Any CPU
	EndGlobalSection
	GlobalSection(ProjectConfigurationPlatforms) = postSolution
		{446AEA84-5379-4336-8B59-9092EBBE4C04}.Debug|Any CPU.ActiveCfg = Debug|Any CPU
		{446AEA84-5379-4336-8B59-9092EBBE4C04}.Debug|Any CPU.Build.0 = Debug|Any CPU
		{446AEA84-5379-4336-8B59-9092EBBE4C04}.Release|Any CPU.ActiveCfg = Release|Any CPU
		{446AEA84-5379-4336-8B59-9092EBBE4C04}.Release|Any CPU.Build.0 = Release|Any CPU
		{C378D7FB-E758-474A-AEC1-5D3FA8D0087C}.Debug|Any CPU.ActiveCfg = Debug|Any CPU
		{C378D7FB-E758-474A-AEC1-5D3FA8D0087C}.Debug|Any CPU.Build.0 = Debug|Any CPU
		{C378D7FB-E758-474A-AEC1-5D3FA8D0087C}.Release|Any CPU.ActiveCfg = Release|Any CPU
		{C378D7FB-E758-474A-AEC1-5D3FA8D0087C}.Release|Any CPU.Build.0 = Release|Any CPU
	EndGlobalSection
	GlobalSection(SolutionProperties) = preSolution
		HideSolutionNode = FALSE
	EndGlobalSection
	GlobalSection(ExtensibilityGlobals) = postSolution
		SolutionGuid = {B38F1123-3A46-4695-90C1-04219D58E2B4}
	EndGlobalSection
EndGlobal
